// !$*UTF8*$!
{
	archiveVersion = 1;
	classes = {
	};
	objectVersion = 46;
	objects = {

/* Begin PBXBuildFile section */
		D74915D4168572C900D1E37C /* UIKit.framework in Frameworks */ = {isa = PBXBuildFile; fileRef = D74915D3168572C900D1E37C /* UIKit.framework */; };
		D74915D6168572C900D1E37C /* Foundation.framework in Frameworks */ = {isa = PBXBuildFile; fileRef = D74915D5168572C900D1E37C /* Foundation.framework */; };
		D74915D8168572C900D1E37C /* CoreGraphics.framework in Frameworks */ = {isa = PBXBuildFile; fileRef = D74915D7168572C900D1E37C /* CoreGraphics.framework */; };
		D74915DE168572C900D1E37C /* InfoPlist.strings in Resources */ = {isa = PBXBuildFile; fileRef = D74915DC168572C900D1E37C /* InfoPlist.strings */; };
		D74915E0168572C900D1E37C /* main.m in Sources */ = {isa = PBXBuildFile; fileRef = D74915DF168572C900D1E37C /* main.m */; };
		D74915E4168572C900D1E37C /* UMAppDelegate.m in Sources */ = {isa = PBXBuildFile; fileRef = D74915E3168572C900D1E37C /* UMAppDelegate.m */; };
		D74915E6168572C900D1E37C /* Default.png in Resources */ = {isa = PBXBuildFile; fileRef = D74915E5168572C900D1E37C /* Default.png */; };
		D74915E8168572C900D1E37C /* Default@2x.png in Resources */ = {isa = PBXBuildFile; fileRef = D74915E7168572C900D1E37C /* Default@2x.png */; };
		D74915EA168572C900D1E37C /* Default-568h@2x.png in Resources */ = {isa = PBXBuildFile; fileRef = D74915E9168572C900D1E37C /* Default-568h@2x.png */; };
		D753F26F1685D71B007C2E91 /* UMNavigationController.m in Sources */ = {isa = PBXBuildFile; fileRef = D753F2681685D71B007C2E91 /* UMNavigationController.m */; };
		D753F2701685D71B007C2E91 /* UMSlideNavigationController.m in Sources */ = {isa = PBXBuildFile; fileRef = D753F26A1685D71B007C2E91 /* UMSlideNavigationController.m */; };
		D753F2711685D71B007C2E91 /* UMTools.m in Sources */ = {isa = PBXBuildFile; fileRef = D753F26C1685D71B007C2E91 /* UMTools.m */; };
		D753F2721685D71B007C2E91 /* UMViewController.m in Sources */ = {isa = PBXBuildFile; fileRef = D753F26E1685D71B007C2E91 /* UMViewController.m */; };
		D76F5C731685736400215856 /* UMDemoViewController.m in Sources */ = {isa = PBXBuildFile; fileRef = D76F5C721685736400215856 /* UMDemoViewController.m */; };
		D7D4085C16870E1A00C5C256 /* goBackItem.png in Resources */ = {isa = PBXBuildFile; fileRef = D7D4085816870E1A00C5C256 /* goBackItem.png */; };
		D7D4085D16870E1A00C5C256 /* goBackItem@2x.png in Resources */ = {isa = PBXBuildFile; fileRef = D7D4085916870E1A00C5C256 /* goBackItem@2x.png */; };
		D7D4085E16870E1A00C5C256 /* goForwardItem.png in Resources */ = {isa = PBXBuildFile; fileRef = D7D4085A16870E1A00C5C256 /* goForwardItem.png */; };
		D7D4085F16870E1A00C5C256 /* goForwardItem@2x.png in Resources */ = {isa = PBXBuildFile; fileRef = D7D4085B16870E1A00C5C256 /* goForwardItem@2x.png */; };
		D7D4086016870F1A00C5C256 /* UMWebViewController.m in Sources */ = {isa = PBXBuildFile; fileRef = D7D4085716870DEC00C5C256 /* UMWebViewController.m */; };
		D7F6448C1685741B00DFA1D6 /* UMDemoSlideNavViewController.m in Sources */ = {isa = PBXBuildFile; fileRef = D7F6448B1685741B00DFA1D6 /* UMDemoSlideNavViewController.m */; };
		D7F6448F1685767700DFA1D6 /* QuartzCore.framework in Frameworks */ = {isa = PBXBuildFile; fileRef = D7F6448E1685767700DFA1D6 /* QuartzCore.framework */; };
		D7FAAA811781B441001895C7 /* UIKit.framework in Frameworks */ = {isa = PBXBuildFile; fileRef = D74915D3168572C900D1E37C /* UIKit.framework */; };
		D7FAAA821781B441001895C7 /* Foundation.framework in Frameworks */ = {isa = PBXBuildFile; fileRef = D74915D5168572C900D1E37C /* Foundation.framework */; };
		D7FAAA831781B441001895C7 /* CoreGraphics.framework in Frameworks */ = {isa = PBXBuildFile; fileRef = D74915D7168572C900D1E37C /* CoreGraphics.framework */; };
		D7FAAA891781B441001895C7 /* InfoPlist.strings in Resources */ = {isa = PBXBuildFile; fileRef = D7FAAA871781B441001895C7 /* InfoPlist.strings */; };
		D7FAAA8B1781B441001895C7 /* main.m in Sources */ = {isa = PBXBuildFile; fileRef = D7FAAA8A1781B441001895C7 /* main.m */; };
		D7FAAA8F1781B441001895C7 /* AppDelegate.m in Sources */ = {isa = PBXBuildFile; fileRef = D7FAAA8E1781B441001895C7 /* AppDelegate.m */; };
		D7FAAA911781B441001895C7 /* Default.png in Resources */ = {isa = PBXBuildFile; fileRef = D7FAAA901781B441001895C7 /* Default.png */; };
		D7FAAA931781B441001895C7 /* Default@2x.png in Resources */ = {isa = PBXBuildFile; fileRef = D7FAAA921781B441001895C7 /* Default@2x.png */; };
		D7FAAA951781B441001895C7 /* Default-568h@2x.png in Resources */ = {isa = PBXBuildFile; fileRef = D7FAAA941781B441001895C7 /* Default-568h@2x.png */; };
		D7FAAA9A1781B5DD001895C7 /* GHUnitIOS.framework in Frameworks */ = {isa = PBXBuildFile; fileRef = D7FAAA991781B5DD001895C7 /* GHUnitIOS.framework */; };
		D7FAAA9B1781B70F001895C7 /* QuartzCore.framework in Frameworks */ = {isa = PBXBuildFile; fileRef = D7F6448E1685767700DFA1D6 /* QuartzCore.framework */; };
		D7FAAA9E1781B7E5001895C7 /* UMTestCase.m in Sources */ = {isa = PBXBuildFile; fileRef = D7FAAA9D1781B7E5001895C7 /* UMTestCase.m */; };
		D7FAAAA21781B88B001895C7 /* UMToolsTestCase.m in Sources */ = {isa = PBXBuildFile; fileRef = D7FAAAA11781B88B001895C7 /* UMToolsTestCase.m */; };
		D7FAAAA31781BA67001895C7 /* UMDemoSlideNavViewController.m in Sources */ = {isa = PBXBuildFile; fileRef = D7F6448B1685741B00DFA1D6 /* UMDemoSlideNavViewController.m */; };
		D7FAAAA41781BA67001895C7 /* UMDemoViewController.m in Sources */ = {isa = PBXBuildFile; fileRef = D76F5C721685736400215856 /* UMDemoViewController.m */; };
		D7FAAAA51781BA67001895C7 /* UMAppDelegate.m in Sources */ = {isa = PBXBuildFile; fileRef = D74915E3168572C900D1E37C /* UMAppDelegate.m */; };
		D7FAAAA61781BA67001895C7 /* UMWebViewController.m in Sources */ = {isa = PBXBuildFile; fileRef = D7D4085716870DEC00C5C256 /* UMWebViewController.m */; };
		D7FAAAA71781BA67001895C7 /* UMNavigationController.m in Sources */ = {isa = PBXBuildFile; fileRef = D753F2681685D71B007C2E91 /* UMNavigationController.m */; };
		D7FAAAA81781BA67001895C7 /* UMSlideNavigationController.m in Sources */ = {isa = PBXBuildFile; fileRef = D753F26A1685D71B007C2E91 /* UMSlideNavigationController.m */; };
		D7FAAAA91781BA67001895C7 /* UMTools.m in Sources */ = {isa = PBXBuildFile; fileRef = D753F26C1685D71B007C2E91 /* UMTools.m */; };
		D7FAAAAA1781BA67001895C7 /* UMViewController.m in Sources */ = {isa = PBXBuildFile; fileRef = D753F26E1685D71B007C2E91 /* UMViewController.m */; };
		D7FAAAAC1781C4BE001895C7 /* OCHamcrestIOS.framework in Frameworks */ = {isa = PBXBuildFile; fileRef = D7FAAAAB1781C4BE001895C7 /* OCHamcrestIOS.framework */; };
/* End PBXBuildFile section */

/* Begin PBXFileReference section */
		D74915CF168572C900D1E37C /* Demo.app */ = {isa = PBXFileReference; explicitFileType = wrapper.application; includeInIndex = 0; path = Demo.app; sourceTree = BUILT_PRODUCTS_DIR; };
		D74915D3168572C900D1E37C /* UIKit.framework */ = {isa = PBXFileReference; lastKnownFileType = wrapper.framework; name = UIKit.framework; path = System/Library/Frameworks/UIKit.framework; sourceTree = SDKROOT; };
		D74915D5168572C900D1E37C /* Foundation.framework */ = {isa = PBXFileReference; lastKnownFileType = wrapper.framework; name = Foundation.framework; path = System/Library/Frameworks/Foundation.framework; sourceTree = SDKROOT; };
		D74915D7168572C900D1E37C /* CoreGraphics.framework */ = {isa = PBXFileReference; lastKnownFileType = wrapper.framework; name = CoreGraphics.framework; path = System/Library/Frameworks/CoreGraphics.framework; sourceTree = SDKROOT; };
		D74915DB168572C900D1E37C /* Demo-Info.plist */ = {isa = PBXFileReference; lastKnownFileType = text.plist.xml; path = "Demo-Info.plist"; sourceTree = "<group>"; };
		D74915DD168572C900D1E37C /* en */ = {isa = PBXFileReference; lastKnownFileType = text.plist.strings; name = en; path = en.lproj/InfoPlist.strings; sourceTree = "<group>"; };
		D74915DF168572C900D1E37C /* main.m */ = {isa = PBXFileReference; lastKnownFileType = sourcecode.c.objc; path = main.m; sourceTree = "<group>"; };
		D74915E1168572C900D1E37C /* Demo-Prefix.pch */ = {isa = PBXFileReference; lastKnownFileType = sourcecode.c.h; path = "Demo-Prefix.pch"; sourceTree = "<group>"; };
		D74915E2168572C900D1E37C /* UMAppDelegate.h */ = {isa = PBXFileReference; lastKnownFileType = sourcecode.c.h; path = UMAppDelegate.h; sourceTree = "<group>"; };
		D74915E3168572C900D1E37C /* UMAppDelegate.m */ = {isa = PBXFileReference; lastKnownFileType = sourcecode.c.objc; path = UMAppDelegate.m; sourceTree = "<group>"; };
		D74915E5168572C900D1E37C /* Default.png */ = {isa = PBXFileReference; lastKnownFileType = image.png; path = Default.png; sourceTree = "<group>"; };
		D74915E7168572C900D1E37C /* Default@2x.png */ = {isa = PBXFileReference; lastKnownFileType = image.png; path = "Default@2x.png"; sourceTree = "<group>"; };
		D74915E9168572C900D1E37C /* Default-568h@2x.png */ = {isa = PBXFileReference; lastKnownFileType = image.png; path = "Default-568h@2x.png"; sourceTree = "<group>"; };
		D753F2671685D71B007C2E91 /* UMNavigationController.h */ = {isa = PBXFileReference; fileEncoding = 4; lastKnownFileType = sourcecode.c.h; path = UMNavigationController.h; sourceTree = "<group>"; };
		D753F2681685D71B007C2E91 /* UMNavigationController.m */ = {isa = PBXFileReference; fileEncoding = 4; lastKnownFileType = sourcecode.c.objc; path = UMNavigationController.m; sourceTree = "<group>"; };
		D753F2691685D71B007C2E91 /* UMSlideNavigationController.h */ = {isa = PBXFileReference; fileEncoding = 4; lastKnownFileType = sourcecode.c.h; path = UMSlideNavigationController.h; sourceTree = "<group>"; };
		D753F26A1685D71B007C2E91 /* UMSlideNavigationController.m */ = {isa = PBXFileReference; fileEncoding = 4; lastKnownFileType = sourcecode.c.objc; path = UMSlideNavigationController.m; sourceTree = "<group>"; };
		D753F26B1685D71B007C2E91 /* UMTools.h */ = {isa = PBXFileReference; fileEncoding = 4; lastKnownFileType = sourcecode.c.h; path = UMTools.h; sourceTree = "<group>"; };
		D753F26C1685D71B007C2E91 /* UMTools.m */ = {isa = PBXFileReference; fileEncoding = 4; lastKnownFileType = sourcecode.c.objc; path = UMTools.m; sourceTree = "<group>"; };
		D753F26D1685D71B007C2E91 /* UMViewController.h */ = {isa = PBXFileReference; fileEncoding = 4; lastKnownFileType = sourcecode.c.h; path = UMViewController.h; sourceTree = "<group>"; };
		D753F26E1685D71B007C2E91 /* UMViewController.m */ = {isa = PBXFileReference; fileEncoding = 4; lastKnownFileType = sourcecode.c.objc; path = UMViewController.m; sourceTree = "<group>"; };
		D76F5C711685736400215856 /* UMDemoViewController.h */ = {isa = PBXFileReference; fileEncoding = 4; lastKnownFileType = sourcecode.c.h; path = UMDemoViewController.h; sourceTree = "<group>"; };
		D76F5C721685736400215856 /* UMDemoViewController.m */ = {isa = PBXFileReference; fileEncoding = 4; lastKnownFileType = sourcecode.c.objc; path = UMDemoViewController.m; sourceTree = "<group>"; };
		D7D4085616870DEC00C5C256 /* UMWebViewController.h */ = {isa = PBXFileReference; lastKnownFileType = sourcecode.c.h; path = UMWebViewController.h; sourceTree = "<group>"; };
		D7D4085716870DEC00C5C256 /* UMWebViewController.m */ = {isa = PBXFileReference; lastKnownFileType = sourcecode.c.objc; path = UMWebViewController.m; sourceTree = "<group>"; };
		D7D4085816870E1A00C5C256 /* goBackItem.png */ = {isa = PBXFileReference; lastKnownFileType = image.png; path = goBackItem.png; sourceTree = "<group>"; };
		D7D4085916870E1A00C5C256 /* goBackItem@2x.png */ = {isa = PBXFileReference; lastKnownFileType = image.png; path = "goBackItem@2x.png"; sourceTree = "<group>"; };
		D7D4085A16870E1A00C5C256 /* goForwardItem.png */ = {isa = PBXFileReference; lastKnownFileType = image.png; path = goForwardItem.png; sourceTree = "<group>"; };
		D7D4085B16870E1A00C5C256 /* goForwardItem@2x.png */ = {isa = PBXFileReference; lastKnownFileType = image.png; path = "goForwardItem@2x.png"; sourceTree = "<group>"; };
		D7F6448A1685741B00DFA1D6 /* UMDemoSlideNavViewController.h */ = {isa = PBXFileReference; fileEncoding = 4; lastKnownFileType = sourcecode.c.h; path = UMDemoSlideNavViewController.h; sourceTree = "<group>"; };
		D7F6448B1685741B00DFA1D6 /* UMDemoSlideNavViewController.m */ = {isa = PBXFileReference; fileEncoding = 4; lastKnownFileType = sourcecode.c.objc; path = UMDemoSlideNavViewController.m; sourceTree = "<group>"; };
		D7F6448E1685767700DFA1D6 /* QuartzCore.framework */ = {isa = PBXFileReference; lastKnownFileType = wrapper.framework; name = QuartzCore.framework; path = System/Library/Frameworks/QuartzCore.framework; sourceTree = SDKROOT; };
		D7FAAA801781B441001895C7 /* Test.app */ = {isa = PBXFileReference; explicitFileType = wrapper.application; includeInIndex = 0; path = Test.app; sourceTree = BUILT_PRODUCTS_DIR; };
		D7FAAA861781B441001895C7 /* Test-Info.plist */ = {isa = PBXFileReference; lastKnownFileType = text.plist.xml; path = "Test-Info.plist"; sourceTree = "<group>"; };
		D7FAAA881781B441001895C7 /* en */ = {isa = PBXFileReference; lastKnownFileType = text.plist.strings; name = en; path = en.lproj/InfoPlist.strings; sourceTree = "<group>"; };
		D7FAAA8A1781B441001895C7 /* main.m */ = {isa = PBXFileReference; lastKnownFileType = sourcecode.c.objc; path = main.m; sourceTree = "<group>"; };
		D7FAAA8C1781B441001895C7 /* Test-Prefix.pch */ = {isa = PBXFileReference; lastKnownFileType = sourcecode.c.h; path = "Test-Prefix.pch"; sourceTree = "<group>"; };
		D7FAAA8D1781B441001895C7 /* AppDelegate.h */ = {isa = PBXFileReference; lastKnownFileType = sourcecode.c.h; path = AppDelegate.h; sourceTree = "<group>"; };
		D7FAAA8E1781B441001895C7 /* AppDelegate.m */ = {isa = PBXFileReference; lastKnownFileType = sourcecode.c.objc; path = AppDelegate.m; sourceTree = "<group>"; };
		D7FAAA901781B441001895C7 /* Default.png */ = {isa = PBXFileReference; lastKnownFileType = image.png; path = Default.png; sourceTree = "<group>"; };
		D7FAAA921781B441001895C7 /* Default@2x.png */ = {isa = PBXFileReference; lastKnownFileType = image.png; path = "Default@2x.png"; sourceTree = "<group>"; };
		D7FAAA941781B441001895C7 /* Default-568h@2x.png */ = {isa = PBXFileReference; lastKnownFileType = image.png; path = "Default-568h@2x.png"; sourceTree = "<group>"; };
		D7FAAA991781B5DD001895C7 /* GHUnitIOS.framework */ = {isa = PBXFileReference; lastKnownFileType = wrapper.framework; path = GHUnitIOS.framework; sourceTree = "<group>"; };
		D7FAAA9C1781B7E5001895C7 /* UMTestCase.h */ = {isa = PBXFileReference; fileEncoding = 4; lastKnownFileType = sourcecode.c.h; path = UMTestCase.h; sourceTree = "<group>"; };
		D7FAAA9D1781B7E5001895C7 /* UMTestCase.m */ = {isa = PBXFileReference; fileEncoding = 4; lastKnownFileType = sourcecode.c.objc; path = UMTestCase.m; sourceTree = "<group>"; };
		D7FAAAA01781B88B001895C7 /* UMToolsTestCase.h */ = {isa = PBXFileReference; fileEncoding = 4; lastKnownFileType = sourcecode.c.h; path = UMToolsTestCase.h; sourceTree = "<group>"; };
		D7FAAAA11781B88B001895C7 /* UMToolsTestCase.m */ = {isa = PBXFileReference; fileEncoding = 4; lastKnownFileType = sourcecode.c.objc; path = UMToolsTestCase.m; sourceTree = "<group>"; };
		D7FAAAAB1781C4BE001895C7 /* OCHamcrestIOS.framework */ = {isa = PBXFileReference; lastKnownFileType = wrapper.framework; path = OCHamcrestIOS.framework; sourceTree = "<group>"; };
/* End PBXFileReference section */

/* Begin PBXFrameworksBuildPhase section */
		D74915CC168572C900D1E37C /* Frameworks */ = {
			isa = PBXFrameworksBuildPhase;
			buildActionMask = 2147483647;
			files = (
				D7F6448F1685767700DFA1D6 /* QuartzCore.framework in Frameworks */,
				D74915D4168572C900D1E37C /* UIKit.framework in Frameworks */,
				D74915D6168572C900D1E37C /* Foundation.framework in Frameworks */,
				D74915D8168572C900D1E37C /* CoreGraphics.framework in Frameworks */,
			);
			runOnlyForDeploymentPostprocessing = 0;
		};
		D7FAAA7D1781B441001895C7 /* Frameworks */ = {
			isa = PBXFrameworksBuildPhase;
			buildActionMask = 2147483647;
			files = (
				D7FAAA9B1781B70F001895C7 /* QuartzCore.framework in Frameworks */,
				D7FAAA9A1781B5DD001895C7 /* GHUnitIOS.framework in Frameworks */,
				D7FAAA811781B441001895C7 /* UIKit.framework in Frameworks */,
				D7FAAA821781B441001895C7 /* Foundation.framework in Frameworks */,
				D7FAAA831781B441001895C7 /* CoreGraphics.framework in Frameworks */,
				D7FAAAAC1781C4BE001895C7 /* OCHamcrestIOS.framework in Frameworks */,
			);
			runOnlyForDeploymentPostprocessing = 0;
		};
/* End PBXFrameworksBuildPhase section */

/* Begin PBXGroup section */
		D74915C4168572C900D1E37C = {
			isa = PBXGroup;
			children = (
				D74915D9168572C900D1E37C /* Demo */,
				D7FAAA841781B441001895C7 /* Test */,
				D74915D2168572C900D1E37C /* Frameworks */,
				D74915D0168572C900D1E37C /* Products */,
			);
			sourceTree = "<group>";
		};
		D74915D0168572C900D1E37C /* Products */ = {
			isa = PBXGroup;
			children = (
				D74915CF168572C900D1E37C /* Demo.app */,
				D7FAAA801781B441001895C7 /* Test.app */,
			);
			name = Products;
			sourceTree = "<group>";
		};
		D74915D2168572C900D1E37C /* Frameworks */ = {
			isa = PBXGroup;
			children = (
				D74915D7168572C900D1E37C /* CoreGraphics.framework */,
				D7F6448E1685767700DFA1D6 /* QuartzCore.framework */,
				D74915D3168572C900D1E37C /* UIKit.framework */,
				D74915D5168572C900D1E37C /* Foundation.framework */,
			);
			name = Frameworks;
			sourceTree = "<group>";
		};
		D74915D9168572C900D1E37C /* Demo */ = {
			isa = PBXGroup;
			children = (
				D7F6448A1685741B00DFA1D6 /* UMDemoSlideNavViewController.h */,
				D7F6448B1685741B00DFA1D6 /* UMDemoSlideNavViewController.m */,
				D76F5C711685736400215856 /* UMDemoViewController.h */,
				D76F5C721685736400215856 /* UMDemoViewController.m */,
				D74915E2168572C900D1E37C /* UMAppDelegate.h */,
				D74915E3168572C900D1E37C /* UMAppDelegate.m */,
				D74915DA168572C900D1E37C /* Supporting Files */,
			);
			path = Demo;
			sourceTree = "<group>";
		};
		D74915DA168572C900D1E37C /* Supporting Files */ = {
			isa = PBXGroup;
			children = (
				D753F2661685D71B007C2E91 /* URLManager */,
				D74915DB168572C900D1E37C /* Demo-Info.plist */,
				D74915DC168572C900D1E37C /* InfoPlist.strings */,
				D74915DF168572C900D1E37C /* main.m */,
				D74915E1168572C900D1E37C /* Demo-Prefix.pch */,
				D74915E5168572C900D1E37C /* Default.png */,
				D74915E7168572C900D1E37C /* Default@2x.png */,
				D74915E9168572C900D1E37C /* Default-568h@2x.png */,
			);
			name = "Supporting Files";
			sourceTree = "<group>";
		};
		D753F2661685D71B007C2E91 /* URLManager */ = {
			isa = PBXGroup;
			children = (
				D7D4085816870E1A00C5C256 /* goBackItem.png */,
				D7D4085916870E1A00C5C256 /* goBackItem@2x.png */,
				D7D4085A16870E1A00C5C256 /* goForwardItem.png */,
				D7D4085B16870E1A00C5C256 /* goForwardItem@2x.png */,
				D7D4085616870DEC00C5C256 /* UMWebViewController.h */,
				D7D4085716870DEC00C5C256 /* UMWebViewController.m */,
				D753F2671685D71B007C2E91 /* UMNavigationController.h */,
				D753F2681685D71B007C2E91 /* UMNavigationController.m */,
				D753F2691685D71B007C2E91 /* UMSlideNavigationController.h */,
				D753F26A1685D71B007C2E91 /* UMSlideNavigationController.m */,
				D753F26B1685D71B007C2E91 /* UMTools.h */,
				D753F26C1685D71B007C2E91 /* UMTools.m */,
				D753F26D1685D71B007C2E91 /* UMViewController.h */,
				D753F26E1685D71B007C2E91 /* UMViewController.m */,
			);
			path = URLManager;
			sourceTree = SOURCE_ROOT;
		};
		D7FAAA841781B441001895C7 /* Test */ = {
			isa = PBXGroup;
			children = (
				D7FAAA8D1781B441001895C7 /* AppDelegate.h */,
				D7FAAA8E1781B441001895C7 /* AppDelegate.m */,
				D7FAAA9C1781B7E5001895C7 /* UMTestCase.h */,
				D7FAAA9D1781B7E5001895C7 /* UMTestCase.m */,
				D7FAAA9F1781B815001895C7 /* Case */,
				D7FAAA851781B441001895C7 /* Supporting Files */,
			);
			path = Test;
			sourceTree = "<group>";
		};
		D7FAAA851781B441001895C7 /* Supporting Files */ = {
			isa = PBXGroup;
			children = (
				D7FAAAAB1781C4BE001895C7 /* OCHamcrestIOS.framework */,
				D7FAAA991781B5DD001895C7 /* GHUnitIOS.framework */,
				D7FAAA861781B441001895C7 /* Test-Info.plist */,
				D7FAAA871781B441001895C7 /* InfoPlist.strings */,
				D7FAAA8A1781B441001895C7 /* main.m */,
				D7FAAA8C1781B441001895C7 /* Test-Prefix.pch */,
				D7FAAA901781B441001895C7 /* Default.png */,
				D7FAAA921781B441001895C7 /* Default@2x.png */,
				D7FAAA941781B441001895C7 /* Default-568h@2x.png */,
			);
			name = "Supporting Files";
			sourceTree = "<group>";
		};
		D7FAAA9F1781B815001895C7 /* Case */ = {
			isa = PBXGroup;
			children = (
				D7FAAAA01781B88B001895C7 /* UMToolsTestCase.h */,
				D7FAAAA11781B88B001895C7 /* UMToolsTestCase.m */,
			);
			path = Case;
			sourceTree = "<group>";
		};
/* End PBXGroup section */

/* Begin PBXNativeTarget section */
		D74915CE168572C900D1E37C /* Demo */ = {
			isa = PBXNativeTarget;
			buildConfigurationList = D74915ED168572C900D1E37C /* Build configuration list for PBXNativeTarget "Demo" */;
			buildPhases = (
				D74915CB168572C900D1E37C /* Sources */,
				D74915CC168572C900D1E37C /* Frameworks */,
				D74915CD168572C900D1E37C /* Resources */,
			);
			buildRules = (
			);
			dependencies = (
			);
			name = Demo;
			productName = Demo;
			productReference = D74915CF168572C900D1E37C /* Demo.app */;
			productType = "com.apple.product-type.application";
		};
		D7FAAA7F1781B441001895C7 /* Test */ = {
			isa = PBXNativeTarget;
			buildConfigurationList = D7FAAA981781B441001895C7 /* Build configuration list for PBXNativeTarget "Test" */;
			buildPhases = (
				D7FAAA7C1781B441001895C7 /* Sources */,
				D7FAAA7D1781B441001895C7 /* Frameworks */,
				D7FAAA7E1781B441001895C7 /* Resources */,
			);
			buildRules = (
			);
			dependencies = (
			);
			name = Test;
			productName = Test;
			productReference = D7FAAA801781B441001895C7 /* Test.app */;
			productType = "com.apple.product-type.application";
		};
/* End PBXNativeTarget section */

/* Begin PBXProject section */
		D74915C6168572C900D1E37C /* Project object */ = {
			isa = PBXProject;
			attributes = {
				CLASSPREFIX = UM;
				LastUpgradeCheck = 0450;
				ORGANIZATIONNAME = SegmentFault.com;
			};
			buildConfigurationList = D74915C9168572C900D1E37C /* Build configuration list for PBXProject "Demo" */;
			compatibilityVersion = "Xcode 3.2";
			developmentRegion = English;
			hasScannedForEncodings = 0;
			knownRegions = (
				en,
			);
			mainGroup = D74915C4168572C900D1E37C;
			productRefGroup = D74915D0168572C900D1E37C /* Products */;
			projectDirPath = "";
			projectRoot = "";
			targets = (
				D74915CE168572C900D1E37C /* Demo */,
				D7FAAA7F1781B441001895C7 /* Test */,
			);
		};
/* End PBXProject section */

/* Begin PBXResourcesBuildPhase section */
		D74915CD168572C900D1E37C /* Resources */ = {
			isa = PBXResourcesBuildPhase;
			buildActionMask = 2147483647;
			files = (
				D74915DE168572C900D1E37C /* InfoPlist.strings in Resources */,
				D74915E6168572C900D1E37C /* Default.png in Resources */,
				D74915E8168572C900D1E37C /* Default@2x.png in Resources */,
				D74915EA168572C900D1E37C /* Default-568h@2x.png in Resources */,
				D7D4085C16870E1A00C5C256 /* goBackItem.png in Resources */,
				D7D4085D16870E1A00C5C256 /* goBackItem@2x.png in Resources */,
				D7D4085E16870E1A00C5C256 /* goForwardItem.png in Resources */,
				D7D4085F16870E1A00C5C256 /* goForwardItem@2x.png in Resources */,
			);
			runOnlyForDeploymentPostprocessing = 0;
		};
		D7FAAA7E1781B441001895C7 /* Resources */ = {
			isa = PBXResourcesBuildPhase;
			buildActionMask = 2147483647;
			files = (
				D7FAAA891781B441001895C7 /* InfoPlist.strings in Resources */,
				D7FAAA911781B441001895C7 /* Default.png in Resources */,
				D7FAAA931781B441001895C7 /* Default@2x.png in Resources */,
				D7FAAA951781B441001895C7 /* Default-568h@2x.png in Resources */,
			);
			runOnlyForDeploymentPostprocessing = 0;
		};
/* End PBXResourcesBuildPhase section */

/* Begin PBXSourcesBuildPhase section */
		D74915CB168572C900D1E37C /* Sources */ = {
			isa = PBXSourcesBuildPhase;
			buildActionMask = 2147483647;
			files = (
				D7D4086016870F1A00C5C256 /* UMWebViewController.m in Sources */,
				D74915E0168572C900D1E37C /* main.m in Sources */,
				D74915E4168572C900D1E37C /* UMAppDelegate.m in Sources */,
				D76F5C731685736400215856 /* UMDemoViewController.m in Sources */,
				D7F6448C1685741B00DFA1D6 /* UMDemoSlideNavViewController.m in Sources */,
				D753F26F1685D71B007C2E91 /* UMNavigationController.m in Sources */,
				D753F2701685D71B007C2E91 /* UMSlideNavigationController.m in Sources */,
				D753F2711685D71B007C2E91 /* UMTools.m in Sources */,
				D753F2721685D71B007C2E91 /* UMViewController.m in Sources */,
			);
			runOnlyForDeploymentPostprocessing = 0;
		};
		D7FAAA7C1781B441001895C7 /* Sources */ = {
			isa = PBXSourcesBuildPhase;
			buildActionMask = 2147483647;
			files = (
				D7FAAAA31781BA67001895C7 /* UMDemoSlideNavViewController.m in Sources */,
				D7FAAAA41781BA67001895C7 /* UMDemoViewController.m in Sources */,
				D7FAAAA51781BA67001895C7 /* UMAppDelegate.m in Sources */,
				D7FAAAA61781BA67001895C7 /* UMWebViewController.m in Sources */,
				D7FAAAA71781BA67001895C7 /* UMNavigationController.m in Sources */,
				D7FAAAA81781BA67001895C7 /* UMSlideNavigationController.m in Sources */,
				D7FAAAA91781BA67001895C7 /* UMTools.m in Sources */,
				D7FAAAAA1781BA67001895C7 /* UMViewController.m in Sources */,
				D7FAAA8B1781B441001895C7 /* main.m in Sources */,
				D7FAAA8F1781B441001895C7 /* AppDelegate.m in Sources */,
				D7FAAA9E1781B7E5001895C7 /* UMTestCase.m in Sources */,
				D7FAAAA21781B88B001895C7 /* UMToolsTestCase.m in Sources */,
			);
			runOnlyForDeploymentPostprocessing = 0;
		};
/* End PBXSourcesBuildPhase section */

/* Begin PBXVariantGroup section */
		D74915DC168572C900D1E37C /* InfoPlist.strings */ = {
			isa = PBXVariantGroup;
			children = (
				D74915DD168572C900D1E37C /* en */,
			);
			name = InfoPlist.strings;
			sourceTree = "<group>";
		};
		D7FAAA871781B441001895C7 /* InfoPlist.strings */ = {
			isa = PBXVariantGroup;
			children = (
				D7FAAA881781B441001895C7 /* en */,
			);
			name = InfoPlist.strings;
			sourceTree = "<group>";
		};
/* End PBXVariantGroup section */

/* Begin XCBuildConfiguration section */
		D74915EB168572C900D1E37C /* Debug */ = {
			isa = XCBuildConfiguration;
			buildSettings = {
				ALWAYS_SEARCH_USER_PATHS = NO;
				CLANG_CXX_LANGUAGE_STANDARD = "gnu++0x";
				CLANG_CXX_LIBRARY = "libc++";
				CLANG_ENABLE_OBJC_ARC = YES;
				CLANG_WARN_EMPTY_BODY = YES;
				CLANG_WARN__DUPLICATE_METHOD_MATCH = YES;
				"CODE_SIGN_IDENTITY[sdk=iphoneos*]" = "iPhone Developer";
				COPY_PHASE_STRIP = NO;
				GCC_C_LANGUAGE_STANDARD = gnu99;
				GCC_DYNAMIC_NO_PIC = NO;
				GCC_OPTIMIZATION_LEVEL = 0;
				GCC_PREPROCESSOR_DEFINITIONS = (
					"DEBUG=1",
					"$(inherited)",
				);
				GCC_SYMBOLS_PRIVATE_EXTERN = NO;
				GCC_WARN_ABOUT_RETURN_TYPE = YES;
				GCC_WARN_UNINITIALIZED_AUTOS = YES;
				GCC_WARN_UNUSED_VARIABLE = YES;
				IPHONEOS_DEPLOYMENT_TARGET = 6.0;
				ONLY_ACTIVE_ARCH = YES;
				SDKROOT = iphoneos;
			};
			name = Debug;
		};
		D74915EC168572C900D1E37C /* Release */ = {
			isa = XCBuildConfiguration;
			buildSettings = {
				ALWAYS_SEARCH_USER_PATHS = NO;
				CLANG_CXX_LANGUAGE_STANDARD = "gnu++0x";
				CLANG_CXX_LIBRARY = "libc++";
				CLANG_ENABLE_OBJC_ARC = YES;
				CLANG_WARN_EMPTY_BODY = YES;
				CLANG_WARN__DUPLICATE_METHOD_MATCH = YES;
				"CODE_SIGN_IDENTITY[sdk=iphoneos*]" = "iPhone Developer";
				COPY_PHASE_STRIP = YES;
				GCC_C_LANGUAGE_STANDARD = gnu99;
				GCC_WARN_ABOUT_RETURN_TYPE = YES;
				GCC_WARN_UNINITIALIZED_AUTOS = YES;
				GCC_WARN_UNUSED_VARIABLE = YES;
				IPHONEOS_DEPLOYMENT_TARGET = 6.0;
				OTHER_CFLAGS = "-DNS_BLOCK_ASSERTIONS=1";
				SDKROOT = iphoneos;
				VALIDATE_PRODUCT = YES;
			};
			name = Release;
		};
		D74915EE168572C900D1E37C /* Debug */ = {
			isa = XCBuildConfiguration;
			buildSettings = {
				GCC_PRECOMPILE_PREFIX_HEADER = YES;
				GCC_PREFIX_HEADER = "Demo/Demo-Prefix.pch";
				INFOPLIST_FILE = "Demo/Demo-Info.plist";
				PRODUCT_NAME = "$(TARGET_NAME)";
				WRAPPER_EXTENSION = app;
			};
			name = Debug;
		};
		D74915EF168572C900D1E37C /* Release */ = {
			isa = XCBuildConfiguration;
			buildSettings = {
				GCC_PRECOMPILE_PREFIX_HEADER = YES;
				GCC_PREFIX_HEADER = "Demo/Demo-Prefix.pch";
				INFOPLIST_FILE = "Demo/Demo-Info.plist";
				PRODUCT_NAME = "$(TARGET_NAME)";
				WRAPPER_EXTENSION = app;
			};
			name = Release;
		};
		D7FAAA961781B441001895C7 /* Debug */ = {
			isa = XCBuildConfiguration;
			buildSettings = {
				CLANG_WARN_CONSTANT_CONVERSION = YES;
				CLANG_WARN_ENUM_CONVERSION = YES;
				CLANG_WARN_INT_CONVERSION = YES;
				"CODE_SIGN_IDENTITY[sdk=iphoneos*]" = "iPhone Developer";
				FRAMEWORK_SEARCH_PATHS = (
					"$(inherited)",
					"\"$(SRCROOT)/Test\"",
				);
				GCC_PRECOMPILE_PREFIX_HEADER = YES;
				GCC_PREFIX_HEADER = "Test/Test-Prefix.pch";
				INFOPLIST_FILE = "Test/Test-Info.plist";
				IPHONEOS_DEPLOYMENT_TARGET = 6.1;
				"OTHER_LDFLAGS[arch=*]" = (
					"-Objc",
					"-all_load",
				);
				PRODUCT_NAME = "$(TARGET_NAME)";
				TARGETED_DEVICE_FAMILY = "1,2";
				WRAPPER_EXTENSION = app;
			};
			name = Debug;
		};
		D7FAAA971781B441001895C7 /* Release */ = {
			isa = XCBuildConfiguration;
			buildSettings = {
				CLANG_WARN_CONSTANT_CONVERSION = YES;
				CLANG_WARN_ENUM_CONVERSION = YES;
				CLANG_WARN_INT_CONVERSION = YES;
				"CODE_SIGN_IDENTITY[sdk=iphoneos*]" = "iPhone Developer";
				FRAMEWORK_SEARCH_PATHS = (
					"$(inherited)",
					"\"$(SRCROOT)/Test\"",
				);
				GCC_PRECOMPILE_PREFIX_HEADER = YES;
				GCC_PREFIX_HEADER = "Test/Test-Prefix.pch";
				INFOPLIST_FILE = "Test/Test-Info.plist";
				IPHONEOS_DEPLOYMENT_TARGET = 6.1;
				PRODUCT_NAME = "$(TARGET_NAME)";
				TARGETED_DEVICE_FAMILY = "1,2";
				WRAPPER_EXTENSION = app;
			};
			name = Release;
		};
/* End XCBuildConfiguration section */

/* Begin XCConfigurationList section */
		D74915C9168572C900D1E37C /* Build configuration list for PBXProject "Demo" */ = {
			isa = XCConfigurationList;
			buildConfigurations = (
				D74915EB168572C900D1E37C /* Debug */,
				D74915EC168572C900D1E37C /* Release */,
			);
			defaultConfigurationIsVisible = 0;
			defaultConfigurationName = Release;
		};
		D74915ED168572C900D1E37C /* Build configuration list for PBXNativeTarget "Demo" */ = {
			isa = XCConfigurationList;
			buildConfigurations = (
				D74915EE168572C900D1E37C /* Debug */,
				D74915EF168572C900D1E37C /* Release */,
			);
			defaultConfigurationIsVisible = 0;
			defaultConfigurationName = Release;
		};
		D7FAAA981781B441001895C7 /* Build configuration list for PBXNativeTarget "Test" */ = {
			isa = XCConfigurationList;
			buildConfigurations = (
				D7FAAA961781B441001895C7 /* Debug */,
				D7FAAA971781B441001895C7 /* Release */,
			);
			defaultConfigurationIsVisible = 0;
		};
/* End XCConfigurationList section */
	};
	rootObject = D74915C6168572C900D1E37C /* Project object */;
}
